
Microsoft Visual Studio Solution File, Format Version 12.00
# Visual Studio Version 16
VisualStudioVersion = 16.0.29905.134
MinimumVisualStudioVersion = 10.0.40219.1
Project("{8BC9CEB8-8B4A-11D0-8D11-00A0C91BC942}") = "NesEmulator", "NesEmulator\NesEmulator.vcxproj", "{34E10BE8-F225-485C-B468-47E3AC1C2BFD}"
EndProject
Project("{8BC9CEB8-8B4A-11D0-8D11-00A0C91BC942}") = "LibMos6502", "LibMos6502\LibMos6502.vcxproj", "{108EE3A9-7B9E-4722-89D5-129E2666400E}"
EndProject
Project("{8BC9CEB8-8B4A-11D0-8D11-00A0C91BC942}") = "LibNes", "LibNes\LibNes.vcxproj", "{C2146F7C-528D-42A3-A809-0482871274DE}"
EndProject
Global
	GlobalSection(SolutionConfigurationPlatforms) = preSolution
		Debug|x64 = Debug|x64
		Debug|x86 = Debug|x86
		Release|x64 = Release|x64
		Release|x86 = Release|x86
	EndGlobalSection
	GlobalSection(ProjectConfigurationPlatforms) = postSolution
		{34E10BE8-F225-485C-B468-47E3AC1C2BFD}.Debug|x64.ActiveCfg = Debug|x64
		{34E10BE8-F225-485C-B468-47E3AC1C2BFD}.Debug|x64.Build.0 = Debug|x64
		{34E10BE8-F225-485C-B468-47E3AC1C2BFD}.Debug|x86.ActiveCfg = Debug|Win32
		{34E10BE8-F225-485C-B468-47E3AC1C2BFD}.Debug|x86.Build.0 = Debug|Win32
		{34E10BE8-F225-485C-B468-47E3AC1C2BFD}.Release|x64.ActiveCfg = Release|x64
		{34E10BE8-F225-485C-B468-47E3AC1C2BFD}.Release|x64.Build.0 = Release|x64
		{34E10BE8-F225-485C-B468-47E3AC1C2BFD}.Release|x86.ActiveCfg = Release|Win32
		{34E10BE8-F225-485C-B468-47E3AC1C2BFD}.Release|x86.Build.0 = Release|Win32
		{108EE3A9-7B9E-4722-89D5-129E2666400E}.Debug|x64.ActiveCfg = Debug|x64
		{108EE3A9-7B9E-4722-89D5-129E2666400E}.Debug|x64.Build.0 = Debug|x64
		{108EE3A9-7B9E-4722-89D5-129E2666400E}.Debug|x86.ActiveCfg = Debug|Win32
		{108EE3A9-7B9E-4722-89D5-129E2666400E}.Debug|x86.Build.0 = Debug|Win32
		{108EE3A9-7B9E-4722-89D5-129E2666400E}.Release|x64.ActiveCfg = Release|x64
		{108EE3A9-7B9E-4722-89D5-129E2666400E}.Release|x64.Build.0 = Release|x64
		{108EE3A9-7B9E-4722-89D5-129E2666400E}.Release|x86.ActiveCfg = Release|Win32
		{108EE3A9-7B9E-4722-89D5-129E2666400E}.Release|x86.Build.0 = Release|Win32
		{C2146F7C-528D-42A3-A809-0482871274DE}.Debug|x64.ActiveCfg = Debug|x64
		{C2146F7C-528D-42A3-A809-0482871274DE}.Debug|x64.Build.0 = Debug|x64
		{C2146F7C-528D-42A3-A809-0482871274DE}.Debug|x86.ActiveCfg = Debug|Win32
		{C2146F7C-528D-42A3-A809-0482871274DE}.Debug|x86.Build.0 = Debug|Win32
		{C2146F7C-528D-42A3-A809-0482871274DE}.Release|x64.ActiveCfg = Release|x64
		{C2146F7C-528D-42A3-A809-0482871274DE}.Release|x64.Build.0 = Release|x64
		{C2146F7C-528D-42A3-A809-0482871274DE}.Release|x86.ActiveCfg = Release|Win32
		{C2146F7C-528D-42A3-A809-0482871274DE}.Release|x86.Build.0 = Release|Win32
	EndGlobalSection
	GlobalSection(SolutionProperties) = preSolution
		HideSolutionNode = FALSE
	EndGlobalSection
	GlobalSection(ExtensibilityGlobals) = postSolution
		SolutionGuid = {ACF910E0-8F61-470C-87A9-E96D87DA9855}
	EndGlobalSection
EndGlobal
