<?xml version="1.0" encoding="utf-8"?>
<Project ToolsVersion="4.0" xmlns="http://schemas.microsoft.com/developer/msbuild/2003">
  <ItemGroup>
    <ClCompile Include="mapper.cpp">
      <Filter>Source Files</Filter>
    </ClCompile>
    <ClCompile Include="nes.cpp">
      <Filter>Source Files</Filter>
    </ClCompile>
    <ClCompile Include="nrom.cpp">
      <Filter>Source Files</Filter>
    </ClCompile>
    <ClCompile Include="cpu_memory.cpp">
      <Filter>Source Files</Filter>
    </ClCompile>
  </ItemGroup>
  <ItemGroup>
    <Filter Include="Source Files">
      <UniqueIdentifier>{4fa575a3-e2aa-40b8-a37e-652c4466b0c0}</UniqueIdentifier>
    </Filter>
    <Filter Include="Header Files">
      <UniqueIdentifier>{8bdaddca-7239-4b6b-8537-637702fd7a1b}</UniqueIdentifier>
    </Filter>
  </ItemGroup>
  <ItemGroup>
    <ClInclude Include="cartridge.h">
      <Filter>Header Files</Filter>
    </ClInclude>
    <ClInclude Include="mapper.h">
      <Filter>Header Files</Filter>
    </ClInclude>
    <ClInclude Include="nes.h">
      <Filter>Header Files</Filter>
    </ClInclude>
    <ClInclude Include="nrom.h">
      <Filter>Header Files</Filter>
    </ClInclude>
    <ClInclude Include="ppu.h">
      <Filter>Header Files</Filter>
    </ClInclude>
    <ClInclude Include="cpu_memory.h">
      <Filter>Header Files</Filter>
    </ClInclude>
  </ItemGroup>
</Project>